
Microsoft Visual Studio Solution File, Format Version 12.00
Project("{FAE04EC0-301F-11D3-BF4B-00C04F79EFBC}") = "GeoClubBot.API", "GeoClubBot.API\GeoClubBot.API.csproj", "{B4710E6B-2082-4B41-A34A-70F5CD7784E4}"
EndProject
Project("{2150E333-8FDC-42A3-9474-1A3956D46DE8}") = "Solution Items", "Solution Items", "{0936FAB1-36AC-4536-A45E-F84EA16A7691}"
	ProjectSection(SolutionItems) = preProject
		compose.yaml = compose.yaml
		postgresql-healthcheck.sh = postgresql-healthcheck.sh
		.env.postgresqldb-password = .env.postgresqldb-password
		.env.postgresqldb-username = .env.postgresqldb-username
		README.md = README.md
		ChallengesConfig.json = ChallengesConfig.json
		.gitignore = .gitignore
	EndProjectSection
EndProject
Project("{FAE04EC0-301F-11D3-BF4B-00C04F79EFBC}") = "GeoClubBot.Infrastructure", "GeoClubBot.Infrastructure\GeoClubBot.Infrastructure.csproj", "{D38D6E28-1D89-4B71-818A-75D55A14A445}"
EndProject
Project("{FAE04EC0-301F-11D3-BF4B-00C04F79EFBC}") = "GeoClubBot.Application", "GeoClubBot.Application\GeoClubBot.Application.csproj", "{B5583E42-C94D-42DE-8072-A88FD0704A69}"
EndProject
Project("{FAE04EC0-301F-11D3-BF4B-00C04F79EFBC}") = "GeoClubBot.Domain", "GeoClubBot.Domain\GeoClubBot.Domain.csproj", "{2BB9D4C9-19FF-409B-9C1B-7EF40EB1B301}"
EndProject
Project("{2150E333-8FDC-42A3-9474-1A3956D46DE8}") = "Common", "Common", "{D1E67922-C47C-4C56-A089-764D793E0403}"
EndProject
Project("{FAE04EC0-301F-11D3-BF4B-00C04F79EFBC}") = "Constants", "Constants\Constants.csproj", "{541F1161-B5B6-43BA-8AEF-F4E536B10281}"
EndProject
Project("{FAE04EC0-301F-11D3-BF4B-00C04F79EFBC}") = "Extensions", "Extensions\Extensions.csproj", "{476A519F-966E-4A82-B8EE-AD1C3AB7022F}"
EndProject
Project("{FAE04EC0-301F-11D3-BF4B-00C04F79EFBC}") = "Utilities", "Utilities\Utilities.csproj", "{4824C301-1764-4965-8706-4E02B91AB7F7}"
EndProject
Project("{2150E333-8FDC-42A3-9474-1A3956D46DE8}") = "Tools", "Tools", "{C4AD4F52-F0E5-42D9-89C5-2B82CA35765B}"
EndProject
Project("{FAE04EC0-301F-11D3-BF4B-00C04F79EFBC}") = "QuartzExtensions", "QuartzExtensions\QuartzExtensions.csproj", "{95843BB6-DC6E-423A-9F19-03262F15EDD0}"
EndProject
Project("{FAE04EC0-301F-11D3-BF4B-00C04F79EFBC}") = "GeoClubBot.Discord", "GeoClubBot.Discord\GeoClubBot.Discord.csproj", "{5A0CC4CE-DA97-4FDE-AF9C-47EEF6AA28D5}"
EndProject
Project("{FAE04EC0-301F-11D3-BF4B-00C04F79EFBC}") = "Configuration", "Configuration\Configuration.csproj", "{D67B0D65-1C83-40BD-961A-082FDD768667}"
EndProject
Global
	GlobalSection(SolutionConfigurationPlatforms) = preSolution
		Debug|Any CPU = Debug|Any CPU
		Release|Any CPU = Release|Any CPU
	EndGlobalSection
	GlobalSection(ProjectConfigurationPlatforms) = postSolution
		{B4710E6B-2082-4B41-A34A-70F5CD7784E4}.Debug|Any CPU.ActiveCfg = Debug|Any CPU
		{B4710E6B-2082-4B41-A34A-70F5CD7784E4}.Debug|Any CPU.Build.0 = Debug|Any CPU
		{B4710E6B-2082-4B41-A34A-70F5CD7784E4}.Release|Any CPU.ActiveCfg = Release|Any CPU
		{B4710E6B-2082-4B41-A34A-70F5CD7784E4}.Release|Any CPU.Build.0 = Release|Any CPU
		{D38D6E28-1D89-4B71-818A-75D55A14A445}.Debug|Any CPU.ActiveCfg = Debug|Any CPU
		{D38D6E28-1D89-4B71-818A-75D55A14A445}.Debug|Any CPU.Build.0 = Debug|Any CPU
		{D38D6E28-1D89-4B71-818A-75D55A14A445}.Release|Any CPU.ActiveCfg = Release|Any CPU
		{D38D6E28-1D89-4B71-818A-75D55A14A445}.Release|Any CPU.Build.0 = Release|Any CPU
		{B5583E42-C94D-42DE-8072-A88FD0704A69}.Debug|Any CPU.ActiveCfg = Debug|Any CPU
		{B5583E42-C94D-42DE-8072-A88FD0704A69}.Debug|Any CPU.Build.0 = Debug|Any CPU
		{B5583E42-C94D-42DE-8072-A88FD0704A69}.Release|Any CPU.ActiveCfg = Release|Any CPU
		{B5583E42-C94D-42DE-8072-A88FD0704A69}.Release|Any CPU.Build.0 = Release|Any CPU
		{2BB9D4C9-19FF-409B-9C1B-7EF40EB1B301}.Debug|Any CPU.ActiveCfg = Debug|Any CPU
		{2BB9D4C9-19FF-409B-9C1B-7EF40EB1B301}.Debug|Any CPU.Build.0 = Debug|Any CPU
		{2BB9D4C9-19FF-409B-9C1B-7EF40EB1B301}.Release|Any CPU.ActiveCfg = Release|Any CPU
		{2BB9D4C9-19FF-409B-9C1B-7EF40EB1B301}.Release|Any CPU.Build.0 = Release|Any CPU
		{541F1161-B5B6-43BA-8AEF-F4E536B10281}.Debug|Any CPU.ActiveCfg = Debug|Any CPU
		{541F1161-B5B6-43BA-8AEF-F4E536B10281}.Debug|Any CPU.Build.0 = Debug|Any CPU
		{541F1161-B5B6-43BA-8AEF-F4E536B10281}.Release|Any CPU.ActiveCfg = Release|Any CPU
		{541F1161-B5B6-43BA-8AEF-F4E536B10281}.Release|Any CPU.Build.0 = Release|Any CPU
		{476A519F-966E-4A82-B8EE-AD1C3AB7022F}.Debug|Any CPU.ActiveCfg = Debug|Any CPU
		{476A519F-966E-4A82-B8EE-AD1C3AB7022F}.Debug|Any CPU.Build.0 = Debug|Any CPU
		{476A519F-966E-4A82-B8EE-AD1C3AB7022F}.Release|Any CPU.ActiveCfg = Release|Any CPU
		{476A519F-966E-4A82-B8EE-AD1C3AB7022F}.Release|Any CPU.Build.0 = Release|Any CPU
		{4824C301-1764-4965-8706-4E02B91AB7F7}.Debug|Any CPU.ActiveCfg = Debug|Any CPU
		{4824C301-1764-4965-8706-4E02B91AB7F7}.Debug|Any CPU.Build.0 = Debug|Any CPU
		{4824C301-1764-4965-8706-4E02B91AB7F7}.Release|Any CPU.ActiveCfg = Release|Any CPU
		{4824C301-1764-4965-8706-4E02B91AB7F7}.Release|Any CPU.Build.0 = Release|Any CPU
		{95843BB6-DC6E-423A-9F19-03262F15EDD0}.Debug|Any CPU.ActiveCfg = Debug|Any CPU
		{95843BB6-DC6E-423A-9F19-03262F15EDD0}.Debug|Any CPU.Build.0 = Debug|Any CPU
		{95843BB6-DC6E-423A-9F19-03262F15EDD0}.Release|Any CPU.ActiveCfg = Release|Any CPU
		{95843BB6-DC6E-423A-9F19-03262F15EDD0}.Release|Any CPU.Build.0 = Release|Any CPU
		{5A0CC4CE-DA97-4FDE-AF9C-47EEF6AA28D5}.Debug|Any CPU.ActiveCfg = Debug|Any CPU
		{5A0CC4CE-DA97-4FDE-AF9C-47EEF6AA28D5}.Debug|Any CPU.Build.0 = Debug|Any CPU
		{5A0CC4CE-DA97-4FDE-AF9C-47EEF6AA28D5}.Release|Any CPU.ActiveCfg = Release|Any CPU
		{5A0CC4CE-DA97-4FDE-AF9C-47EEF6AA28D5}.Release|Any CPU.Build.0 = Release|Any CPU
		{D67B0D65-1C83-40BD-961A-082FDD768667}.Debug|Any CPU.ActiveCfg = Debug|Any CPU
		{D67B0D65-1C83-40BD-961A-082FDD768667}.Debug|Any CPU.Build.0 = Debug|Any CPU
		{D67B0D65-1C83-40BD-961A-082FDD768667}.Release|Any CPU.ActiveCfg = Release|Any CPU
		{D67B0D65-1C83-40BD-961A-082FDD768667}.Release|Any CPU.Build.0 = Release|Any CPU
	EndGlobalSection
	GlobalSection(NestedProjects) = preSolution
		{541F1161-B5B6-43BA-8AEF-F4E536B10281} = {D1E67922-C47C-4C56-A089-764D793E0403}
		{476A519F-966E-4A82-B8EE-AD1C3AB7022F} = {D1E67922-C47C-4C56-A089-764D793E0403}
		{4824C301-1764-4965-8706-4E02B91AB7F7} = {D1E67922-C47C-4C56-A089-764D793E0403}
		{95843BB6-DC6E-423A-9F19-03262F15EDD0} = {D1E67922-C47C-4C56-A089-764D793E0403}
		{D67B0D65-1C83-40BD-961A-082FDD768667} = {D1E67922-C47C-4C56-A089-764D793E0403}
	EndGlobalSection
EndGlobal
